
Microsoft Visual Studio Solution File, Format Version 12.00
# Visual Studio Version 17
VisualStudioVersion = 17.12.35707.178
MinimumVisualStudioVersion = 10.0.40219.1
Project("{FAE04EC0-301F-11D3-BF4B-00C04F79EFBC}") = "Trinity.PaymentPlatform.Model", "Trinity.PaymentPlatform.Model\Trinity.PaymentPlatform.Model.csproj", "{1EB903F5-4A7E-468D-B2C5-038C1E83B894}"
EndProject
Project("{2150E333-8FDC-42A3-9474-1A3956D46DE8}") = "BusinessLogic", "BusinessLogic", "{08B234E3-4CB5-4B4F-92D6-ADE4DC7CB54D}"
EndProject
Project("{2150E333-8FDC-42A3-9474-1A3956D46DE8}") = "Infrastructure", "Infrastructure", "{004669E7-6646-48B8-B954-B17C0DC58309}"
EndProject
Project("{2150E333-8FDC-42A3-9474-1A3956D46DE8}") = "API", "API", "{D16666A1-09FD-4830-8E3A-F823FFF3E3FA}"
EndProject
Project("{FAE04EC0-301F-11D3-BF4B-00C04F79EFBC}") = "Trinity.PaymentPlatform.Infrastructure.Persistence.NHibernate", "Trinity.PaymentPlatform.Infrastructure.Persistence.NHibernate\Trinity.PaymentPlatform.Infrastructure.Persistence.NHibernate.csproj", "{E90C7DE7-7BAE-4815-9A63-120CFA1889DF}"
EndProject
Project("{2150E333-8FDC-42A3-9474-1A3956D46DE8}") = "Workers", "Workers", "{35C9C616-3B4A-4729-B77F-EB3A7C6C3ADC}"
EndProject
Project("{FAE04EC0-301F-11D3-BF4B-00C04F79EFBC}") = "Trinity.PaymentPlatform.Processors.Mpesa", "Trinity.PaymentPlatform.Processors.Mpesa\Trinity.PaymentPlatform.Processors.Mpesa.csproj", "{589CC266-19BC-49A3-8803-6DF0200F450F}"
EndProject
Project("{2150E333-8FDC-42A3-9474-1A3956D46DE8}") = "Shared", "Shared", "{67FDAA9A-F466-49DA-8FAB-28F5A1902335}"
EndProject
Project("{FAE04EC0-301F-11D3-BF4B-00C04F79EFBC}") = "Trinity.PaymentPlatform.Shared", "Trinity.PaymentPlatform.Shared\Trinity.PaymentPlatform.Shared.csproj", "{B56A15C8-CD45-437C-A106-09E467B1EFA8}"
EndProject
Project("{2150E333-8FDC-42A3-9474-1A3956D46DE8}") = "Application", "Application", "{EAF77AC8-5B98-4746-BEE5-88CA70D50F46}"
EndProject
Project("{FAE04EC0-301F-11D3-BF4B-00C04F79EFBC}") = "Trinity.PaymentPlatform.Infrastructure.ACL.Mpesa", "Trinity.PaymentPlatform.Infastructure.ACL.Mpesa\Trinity.PaymentPlatform.Infrastructure.ACL.Mpesa.csproj", "{103E8BF8-C126-4A72-85BD-840AE546CFC0}"
EndProject
Project("{FAE04EC0-301F-11D3-BF4B-00C04F79EFBC}") = "Trinity.PaymentProvider.API", "Trinity.PaymentProvider.API\Trinity.PaymentProvider.API.csproj", "{4E33A992-EE5B-4EEC-9465-A692B83E33B4}"
EndProject
Project("{FAE04EC0-301F-11D3-BF4B-00C04F79EFBC}") = "Trinity.PaymentProvider.API.Shared", "Trinity.PaymentProvider.API.Shared\Trinity.PaymentProvider.API.Shared.csproj", "{782E408A-2E97-45AC-8663-58A1268922CD}"
EndProject
Project("{FAE04EC0-301F-11D3-BF4B-00C04F79EFBC}") = "Trinity.PaymentPlatform.Mpesa.Application", "Trinity.PaymentPlatform.Mpesa.Application\Trinity.PaymentPlatform.Mpesa.Application.csproj", "{685AAF9E-0D0C-460F-B5AB-4E8BFE69BB91}"
EndProject
Project("{FAE04EC0-301F-11D3-BF4B-00C04F79EFBC}") = "Trinity.PaymentPlatform.Application.Shared", "Trinity.PaymentPlatform.Application.Shared\Trinity.PaymentPlatform.Application.Shared.csproj", "{549A84BE-C250-4AD4-8C43-E398AE3CE0A8}"
EndProject
Project("{FAE04EC0-301F-11D3-BF4B-00C04F79EFBC}") = "Trinity.PaymentPlatform.Processors.Outbox", "Trinity.PaymentPlatform.Processors.Outbox\Trinity.PaymentPlatform.Processors.Outbox.csproj", "{884A20F5-B1B2-4B05-8F97-C74EF7696909}"
EndProject
Project("{FAE04EC0-301F-11D3-BF4B-00C04F79EFBC}") = "Trinity.PaymentPlatform.Application", "Trinity.PaymentPlatform.Application\Trinity.PaymentPlatform.Application.csproj", "{368265B3-9B9E-4DA4-8641-F4AE9C355DA3}"
EndProject
Project("{FAE04EC0-301F-11D3-BF4B-00C04F79EFBC}") = "Trinity.PaymentPlatform.Infrastructure.ACL.Airtel", "Trinity.PaymentPlatform.Infrastructure.ACL.Airtel\Trinity.PaymentPlatform.Infrastructure.ACL.Airtel.csproj", "{0CB9FB44-21D3-494A-8432-DE891308FAEC}"
EndProject
Project("{FAE04EC0-301F-11D3-BF4B-00C04F79EFBC}") = "Trinity.PaymentPlatform.Processors.Airtel", "Trinity.PaymentPlatform.Processors.Airtel\Trinity.PaymentPlatform.Processors.Airtel.csproj", "{905B16C0-C81E-41D3-910B-701E327DDBF0}"
EndProject
Project("{FAE04EC0-301F-11D3-BF4B-00C04F79EFBC}") = "Trinity.PaymentPlatform.Airtel.Application", "Trinity.PaymentPlatform.Airtel.Application\Trinity.PaymentPlatform.Airtel.Application.csproj", "{9A65AB7F-0242-4FE1-897D-DF9F5EB3F9A9}"
EndProject
Global
	GlobalSection(SolutionConfigurationPlatforms) = preSolution
		Debug|Any CPU = Debug|Any CPU
		Release|Any CPU = Release|Any CPU
	EndGlobalSection
	GlobalSection(ProjectConfigurationPlatforms) = postSolution
		{1EB903F5-4A7E-468D-B2C5-038C1E83B894}.Debug|Any CPU.ActiveCfg = Debug|Any CPU
		{1EB903F5-4A7E-468D-B2C5-038C1E83B894}.Debug|Any CPU.Build.0 = Debug|Any CPU
		{1EB903F5-4A7E-468D-B2C5-038C1E83B894}.Release|Any CPU.ActiveCfg = Release|Any CPU
		{1EB903F5-4A7E-468D-B2C5-038C1E83B894}.Release|Any CPU.Build.0 = Release|Any CPU
		{E90C7DE7-7BAE-4815-9A63-120CFA1889DF}.Debug|Any CPU.ActiveCfg = Debug|Any CPU
		{E90C7DE7-7BAE-4815-9A63-120CFA1889DF}.Debug|Any CPU.Build.0 = Debug|Any CPU
		{E90C7DE7-7BAE-4815-9A63-120CFA1889DF}.Release|Any CPU.ActiveCfg = Release|Any CPU
		{E90C7DE7-7BAE-4815-9A63-120CFA1889DF}.Release|Any CPU.Build.0 = Release|Any CPU
		{589CC266-19BC-49A3-8803-6DF0200F450F}.Debug|Any CPU.ActiveCfg = Debug|Any CPU
		{589CC266-19BC-49A3-8803-6DF0200F450F}.Debug|Any CPU.Build.0 = Debug|Any CPU
		{589CC266-19BC-49A3-8803-6DF0200F450F}.Release|Any CPU.ActiveCfg = Release|Any CPU
		{589CC266-19BC-49A3-8803-6DF0200F450F}.Release|Any CPU.Build.0 = Release|Any CPU
		{B56A15C8-CD45-437C-A106-09E467B1EFA8}.Debug|Any CPU.ActiveCfg = Debug|Any CPU
		{B56A15C8-CD45-437C-A106-09E467B1EFA8}.Debug|Any CPU.Build.0 = Debug|Any CPU
		{B56A15C8-CD45-437C-A106-09E467B1EFA8}.Release|Any CPU.ActiveCfg = Release|Any CPU
		{B56A15C8-CD45-437C-A106-09E467B1EFA8}.Release|Any CPU.Build.0 = Release|Any CPU
		{103E8BF8-C126-4A72-85BD-840AE546CFC0}.Debug|Any CPU.ActiveCfg = Debug|Any CPU
		{103E8BF8-C126-4A72-85BD-840AE546CFC0}.Debug|Any CPU.Build.0 = Debug|Any CPU
		{103E8BF8-C126-4A72-85BD-840AE546CFC0}.Release|Any CPU.ActiveCfg = Release|Any CPU
		{103E8BF8-C126-4A72-85BD-840AE546CFC0}.Release|Any CPU.Build.0 = Release|Any CPU
		{4E33A992-EE5B-4EEC-9465-A692B83E33B4}.Debug|Any CPU.ActiveCfg = Debug|Any CPU
		{4E33A992-EE5B-4EEC-9465-A692B83E33B4}.Debug|Any CPU.Build.0 = Debug|Any CPU
		{4E33A992-EE5B-4EEC-9465-A692B83E33B4}.Release|Any CPU.ActiveCfg = Release|Any CPU
		{4E33A992-EE5B-4EEC-9465-A692B83E33B4}.Release|Any CPU.Build.0 = Release|Any CPU
		{782E408A-2E97-45AC-8663-58A1268922CD}.Debug|Any CPU.ActiveCfg = Debug|Any CPU
		{782E408A-2E97-45AC-8663-58A1268922CD}.Debug|Any CPU.Build.0 = Debug|Any CPU
		{782E408A-2E97-45AC-8663-58A1268922CD}.Release|Any CPU.ActiveCfg = Release|Any CPU
		{782E408A-2E97-45AC-8663-58A1268922CD}.Release|Any CPU.Build.0 = Release|Any CPU
		{685AAF9E-0D0C-460F-B5AB-4E8BFE69BB91}.Debug|Any CPU.ActiveCfg = Debug|Any CPU
		{685AAF9E-0D0C-460F-B5AB-4E8BFE69BB91}.Debug|Any CPU.Build.0 = Debug|Any CPU
		{685AAF9E-0D0C-460F-B5AB-4E8BFE69BB91}.Release|Any CPU.ActiveCfg = Release|Any CPU
		{685AAF9E-0D0C-460F-B5AB-4E8BFE69BB91}.Release|Any CPU.Build.0 = Release|Any CPU
		{549A84BE-C250-4AD4-8C43-E398AE3CE0A8}.Debug|Any CPU.ActiveCfg = Debug|Any CPU
		{549A84BE-C250-4AD4-8C43-E398AE3CE0A8}.Debug|Any CPU.Build.0 = Debug|Any CPU
		{549A84BE-C250-4AD4-8C43-E398AE3CE0A8}.Release|Any CPU.ActiveCfg = Release|Any CPU
		{549A84BE-C250-4AD4-8C43-E398AE3CE0A8}.Release|Any CPU.Build.0 = Release|Any CPU
		{884A20F5-B1B2-4B05-8F97-C74EF7696909}.Debug|Any CPU.ActiveCfg = Debug|Any CPU
		{884A20F5-B1B2-4B05-8F97-C74EF7696909}.Debug|Any CPU.Build.0 = Debug|Any CPU
		{884A20F5-B1B2-4B05-8F97-C74EF7696909}.Release|Any CPU.ActiveCfg = Release|Any CPU
		{884A20F5-B1B2-4B05-8F97-C74EF7696909}.Release|Any CPU.Build.0 = Release|Any CPU
		{368265B3-9B9E-4DA4-8641-F4AE9C355DA3}.Debug|Any CPU.ActiveCfg = Debug|Any CPU
		{368265B3-9B9E-4DA4-8641-F4AE9C355DA3}.Debug|Any CPU.Build.0 = Debug|Any CPU
		{368265B3-9B9E-4DA4-8641-F4AE9C355DA3}.Release|Any CPU.ActiveCfg = Release|Any CPU
		{368265B3-9B9E-4DA4-8641-F4AE9C355DA3}.Release|Any CPU.Build.0 = Release|Any CPU
		{0CB9FB44-21D3-494A-8432-DE891308FAEC}.Debug|Any CPU.ActiveCfg = Debug|Any CPU
		{0CB9FB44-21D3-494A-8432-DE891308FAEC}.Debug|Any CPU.Build.0 = Debug|Any CPU
		{0CB9FB44-21D3-494A-8432-DE891308FAEC}.Release|Any CPU.ActiveCfg = Release|Any CPU
		{0CB9FB44-21D3-494A-8432-DE891308FAEC}.Release|Any CPU.Build.0 = Release|Any CPU
		{905B16C0-C81E-41D3-910B-701E327DDBF0}.Debug|Any CPU.ActiveCfg = Debug|Any CPU
		{905B16C0-C81E-41D3-910B-701E327DDBF0}.Debug|Any CPU.Build.0 = Debug|Any CPU
		{905B16C0-C81E-41D3-910B-701E327DDBF0}.Release|Any CPU.ActiveCfg = Release|Any CPU
		{905B16C0-C81E-41D3-910B-701E327DDBF0}.Release|Any CPU.Build.0 = Release|Any CPU
		{9A65AB7F-0242-4FE1-897D-DF9F5EB3F9A9}.Debug|Any CPU.ActiveCfg = Debug|Any CPU
		{9A65AB7F-0242-4FE1-897D-DF9F5EB3F9A9}.Debug|Any CPU.Build.0 = Debug|Any CPU
		{9A65AB7F-0242-4FE1-897D-DF9F5EB3F9A9}.Release|Any CPU.ActiveCfg = Release|Any CPU
		{9A65AB7F-0242-4FE1-897D-DF9F5EB3F9A9}.Release|Any CPU.Build.0 = Release|Any CPU
	EndGlobalSection
	GlobalSection(SolutionProperties) = preSolution
		HideSolutionNode = FALSE
	EndGlobalSection
	GlobalSection(NestedProjects) = preSolution
		{1EB903F5-4A7E-468D-B2C5-038C1E83B894} = {08B234E3-4CB5-4B4F-92D6-ADE4DC7CB54D}
		{E90C7DE7-7BAE-4815-9A63-120CFA1889DF} = {004669E7-6646-48B8-B954-B17C0DC58309}
		{589CC266-19BC-49A3-8803-6DF0200F450F} = {35C9C616-3B4A-4729-B77F-EB3A7C6C3ADC}
		{B56A15C8-CD45-437C-A106-09E467B1EFA8} = {67FDAA9A-F466-49DA-8FAB-28F5A1902335}
		{103E8BF8-C126-4A72-85BD-840AE546CFC0} = {004669E7-6646-48B8-B954-B17C0DC58309}
		{4E33A992-EE5B-4EEC-9465-A692B83E33B4} = {D16666A1-09FD-4830-8E3A-F823FFF3E3FA}
		{782E408A-2E97-45AC-8663-58A1268922CD} = {D16666A1-09FD-4830-8E3A-F823FFF3E3FA}
		{685AAF9E-0D0C-460F-B5AB-4E8BFE69BB91} = {EAF77AC8-5B98-4746-BEE5-88CA70D50F46}
		{549A84BE-C250-4AD4-8C43-E398AE3CE0A8} = {EAF77AC8-5B98-4746-BEE5-88CA70D50F46}
		{884A20F5-B1B2-4B05-8F97-C74EF7696909} = {35C9C616-3B4A-4729-B77F-EB3A7C6C3ADC}
		{368265B3-9B9E-4DA4-8641-F4AE9C355DA3} = {EAF77AC8-5B98-4746-BEE5-88CA70D50F46}
		{0CB9FB44-21D3-494A-8432-DE891308FAEC} = {004669E7-6646-48B8-B954-B17C0DC58309}
		{905B16C0-C81E-41D3-910B-701E327DDBF0} = {35C9C616-3B4A-4729-B77F-EB3A7C6C3ADC}
		{9A65AB7F-0242-4FE1-897D-DF9F5EB3F9A9} = {EAF77AC8-5B98-4746-BEE5-88CA70D50F46}
	EndGlobalSection
EndGlobal
